github.com/17HIERARCH70/algosITMO_BIT v0.0.0-20240316163019-270f7c21290b h1:9lRj52rmNJjbpdcBxjtAmxjKPMJW++LRng0jM4yE1IA=
github.com/17HIERARCH70/algosITMO_BIT v0.0.0-20240316163019-270f7c21290b/go.mod h1:dui1HRrfeP6/V7o83+tkRZZdR7CqtFa1g4vJYV9KEvA=
github.com/17HIERARCH70/stackGo v0.0.0-20240314115210-7a5c71ec0668 h1:RzeI5LMOSMUe2TmflkcPB0/VJDskbuRCvy9o+HWII6A=
github.com/17HIERARCH70/stackGo v0.0.0-20240314115210-7a5c71ec0668/go.mod h1:4LLxwLDk18sPQy0oXQg4RcyRBtMUsCqVWJoCw5g0NfU=
